
Microsoft Visual Studio Solution File, Format Version 12.00
# Visual Studio Version 16
VisualStudioVersion = 16.0.29411.108
MinimumVisualStudioVersion = 10.0.40219.1
Project("{FAE04EC0-301F-11D3-BF4B-00C04F79EFBC}") = "Console-12.14.2019", "Console-12.14.2019\Console-12.14.2019.csproj", "{6EB9FF74-D2D7-4483-A87A-CDC52866D256}"
EndProject
Global
	GlobalSection(SolutionConfigurationPlatforms) = preSolution
		Debug|Any CPU = Debug|Any CPU
		Release|Any CPU = Release|Any CPU
	EndGlobalSection
	GlobalSection(ProjectConfigurationPlatforms) = postSolution
		{6EB9FF74-D2D7-4483-A87A-CDC52866D256}.Debug|Any CPU.ActiveCfg = Debug|Any CPU
		{6EB9FF74-D2D7-4483-A87A-CDC52866D256}.Debug|Any CPU.Build.0 = Debug|Any CPU
		{6EB9FF74-D2D7-4483-A87A-CDC52866D256}.Release|Any CPU.ActiveCfg = Release|Any CPU
		{6EB9FF74-D2D7-4483-A87A-CDC52866D256}.Release|Any CPU.Build.0 = Release|Any CPU
	EndGlobalSection
	GlobalSection(SolutionProperties) = preSolution
		HideSolutionNode = FALSE
	EndGlobalSection
	GlobalSection(ExtensibilityGlobals) = postSolution
		SolutionGuid = {2040C891-9109-49FB-B098-EAB6D39CB909}
	EndGlobalSection
EndGlobal
